
Microsoft Visual Studio Solution File, Format Version 12.00
# Visual Studio Version 16
VisualStudioVersion = 16.0.31112.23
MinimumVisualStudioVersion = 10.0.40219.1
Project("{FAE04EC0-301F-11D3-BF4B-00C04F79EFBC}") = "UsuariosAPI", "UsuariosAPI.csproj", "{7CF5B355-46DC-4B75-AD15-57135E1CCA4E}"
EndProject
Project("{FAE04EC0-301F-11D3-BF4B-00C04F79EFBC}") = "Common", "..\Common\Common.csproj", "{A8E020A0-4981-4A5F-90AA-D836111E514B}"
EndProject
Project("{FAE04EC0-301F-11D3-BF4B-00C04F79EFBC}") = "DataAccess", "..\DataAccess\DataAccess.csproj", "{08665A45-19E5-4363-9B27-691985C73090}"
EndProject
Project("{FAE04EC0-301F-11D3-BF4B-00C04F79EFBC}") = "Repositories", "..\Repositories\Repositories.csproj", "{BBADFA8E-CFF1-4769-A9BD-F89AC8FECF51}"
EndProject
Project("{FAE04EC0-301F-11D3-BF4B-00C04F79EFBC}") = "Services", "..\Services\Services.csproj", "{ED600894-CE4A-466B-8071-5FBE7D668C53}"
EndProject
Global
	GlobalSection(SolutionConfigurationPlatforms) = preSolution
		Debug|Any CPU = Debug|Any CPU
		Release|Any CPU = Release|Any CPU
	EndGlobalSection
	GlobalSection(ProjectConfigurationPlatforms) = postSolution
		{7CF5B355-46DC-4B75-AD15-57135E1CCA4E}.Debug|Any CPU.ActiveCfg = Debug|Any CPU
		{7CF5B355-46DC-4B75-AD15-57135E1CCA4E}.Debug|Any CPU.Build.0 = Debug|Any CPU
		{7CF5B355-46DC-4B75-AD15-57135E1CCA4E}.Release|Any CPU.ActiveCfg = Release|Any CPU
		{7CF5B355-46DC-4B75-AD15-57135E1CCA4E}.Release|Any CPU.Build.0 = Release|Any CPU
		{A8E020A0-4981-4A5F-90AA-D836111E514B}.Debug|Any CPU.ActiveCfg = Debug|Any CPU
		{A8E020A0-4981-4A5F-90AA-D836111E514B}.Debug|Any CPU.Build.0 = Debug|Any CPU
		{A8E020A0-4981-4A5F-90AA-D836111E514B}.Release|Any CPU.ActiveCfg = Release|Any CPU
		{A8E020A0-4981-4A5F-90AA-D836111E514B}.Release|Any CPU.Build.0 = Release|Any CPU
		{08665A45-19E5-4363-9B27-691985C73090}.Debug|Any CPU.ActiveCfg = Debug|Any CPU
		{08665A45-19E5-4363-9B27-691985C73090}.Debug|Any CPU.Build.0 = Debug|Any CPU
		{08665A45-19E5-4363-9B27-691985C73090}.Release|Any CPU.ActiveCfg = Release|Any CPU
		{08665A45-19E5-4363-9B27-691985C73090}.Release|Any CPU.Build.0 = Release|Any CPU
		{BBADFA8E-CFF1-4769-A9BD-F89AC8FECF51}.Debug|Any CPU.ActiveCfg = Debug|Any CPU
		{BBADFA8E-CFF1-4769-A9BD-F89AC8FECF51}.Debug|Any CPU.Build.0 = Debug|Any CPU
		{BBADFA8E-CFF1-4769-A9BD-F89AC8FECF51}.Release|Any CPU.ActiveCfg = Release|Any CPU
		{BBADFA8E-CFF1-4769-A9BD-F89AC8FECF51}.Release|Any CPU.Build.0 = Release|Any CPU
		{ED600894-CE4A-466B-8071-5FBE7D668C53}.Debug|Any CPU.ActiveCfg = Debug|Any CPU
		{ED600894-CE4A-466B-8071-5FBE7D668C53}.Debug|Any CPU.Build.0 = Debug|Any CPU
		{ED600894-CE4A-466B-8071-5FBE7D668C53}.Release|Any CPU.ActiveCfg = Release|Any CPU
		{ED600894-CE4A-466B-8071-5FBE7D668C53}.Release|Any CPU.Build.0 = Release|Any CPU
	EndGlobalSection
	GlobalSection(SolutionProperties) = preSolution
		HideSolutionNode = FALSE
	EndGlobalSection
	GlobalSection(ExtensibilityGlobals) = postSolution
		SolutionGuid = {48968986-34DB-4D9D-98BA-21593539884F}
	EndGlobalSection
EndGlobal
